
Microsoft Visual Studio Solution File, Format Version 12.00
# Visual Studio Version 17
VisualStudioVersion = 17.11.35327.3
MinimumVisualStudioVersion = 10.0.40219.1
Project("{FAE04EC0-301F-11D3-BF4B-00C04F79EFBC}") = "TournamentWizard", "TournamentWizard.csproj", "{3AABA994-E0D4-40B8-BD16-B2DBC114CED7}"
EndProject
Global
	GlobalSection(SolutionConfigurationPlatforms) = preSolution
		Debug|Any CPU = Debug|Any CPU
		Release|Any CPU = Release|Any CPU
	EndGlobalSection
	GlobalSection(ProjectConfigurationPlatforms) = postSolution
		{3AABA994-E0D4-40B8-BD16-B2DBC114CED7}.Debug|Any CPU.ActiveCfg = Debug|Any CPU
		{3AABA994-E0D4-40B8-BD16-B2DBC114CED7}.Debug|Any CPU.Build.0 = Debug|Any CPU
		{3AABA994-E0D4-40B8-BD16-B2DBC114CED7}.Release|Any CPU.ActiveCfg = Release|Any CPU
		{3AABA994-E0D4-40B8-BD16-B2DBC114CED7}.Release|Any CPU.Build.0 = Release|Any CPU
	EndGlobalSection
	GlobalSection(SolutionProperties) = preSolution
		HideSolutionNode = FALSE
	EndGlobalSection
	GlobalSection(ExtensibilityGlobals) = postSolution
		SolutionGuid = {37A12057-DD42-45D1-8415-8910076B5DD0}
	EndGlobalSection
EndGlobal
